// !$*UTF8*$!
{
	archiveVersion = 1;
	classes = {
	};
	objectVersion = 46;
	objects = {

/* Begin PBXBuildFile section */
		3E45E1881E5A269800326B16 /* LoginViewController.swift in Sources */ = {isa = PBXBuildFile; fileRef = 3E45E1871E5A269800326B16 /* LoginViewController.swift */; };
		3E859C1A1E5F4C4D008D6436 /* TweetCell.swift in Sources */ = {isa = PBXBuildFile; fileRef = 3E859C191E5F4C4D008D6436 /* TweetCell.swift */; };
		3EAC05E61E5FA0F500132FA7 /* InfiniteScrollActivityView.swift in Sources */ = {isa = PBXBuildFile; fileRef = 3EAC05E51E5FA0F500132FA7 /* InfiniteScrollActivityView.swift */; };
		3EAF67821E5A8CBF00A29760 /* User.swift in Sources */ = {isa = PBXBuildFile; fileRef = 3EAF67811E5A8CBF00A29760 /* User.swift */; };
		3EAF67841E5A8CD000A29760 /* Tweet.swift in Sources */ = {isa = PBXBuildFile; fileRef = 3EAF67831E5A8CD000A29760 /* Tweet.swift */; };
		3EAF67861E5A921000A29760 /* TwitterClient.swift in Sources */ = {isa = PBXBuildFile; fileRef = 3EAF67851E5A921000A29760 /* TwitterClient.swift */; };
		3EAF67881E5A9B5D00A29760 /* TweetsViewController.swift in Sources */ = {isa = PBXBuildFile; fileRef = 3EAF67871E5A9B5D00A29760 /* TweetsViewController.swift */; };
		3EC712CE1E5A245900CE88D5 /* AppDelegate.swift in Sources */ = {isa = PBXBuildFile; fileRef = 3EC712CD1E5A245900CE88D5 /* AppDelegate.swift */; };
		3EC712D31E5A245900CE88D5 /* Main.storyboard in Resources */ = {isa = PBXBuildFile; fileRef = 3EC712D11E5A245900CE88D5 /* Main.storyboard */; };
		3EC712D51E5A245900CE88D5 /* Assets.xcassets in Resources */ = {isa = PBXBuildFile; fileRef = 3EC712D41E5A245900CE88D5 /* Assets.xcassets */; };
		3EC712D81E5A245900CE88D5 /* LaunchScreen.storyboard in Resources */ = {isa = PBXBuildFile; fileRef = 3EC712D61E5A245900CE88D5 /* LaunchScreen.storyboard */; };
		74FF3E73728D86106FED0F49 /* Pods_TwitterDemo.framework in Frameworks */ = {isa = PBXBuildFile; fileRef = 4356ED842A835CD605F3ABB3 /* Pods_TwitterDemo.framework */; };
/* End PBXBuildFile section */

/* Begin PBXFileReference section */
		3E45E1871E5A269800326B16 /* LoginViewController.swift */ = {isa = PBXFileReference; fileEncoding = 4; lastKnownFileType = sourcecode.swift; path = LoginViewController.swift; sourceTree = "<group>"; };
		3E859C191E5F4C4D008D6436 /* TweetCell.swift */ = {isa = PBXFileReference; fileEncoding = 4; lastKnownFileType = sourcecode.swift; path = TweetCell.swift; sourceTree = "<group>"; };
		3EAC05E51E5FA0F500132FA7 /* InfiniteScrollActivityView.swift */ = {isa = PBXFileReference; fileEncoding = 4; lastKnownFileType = sourcecode.swift; path = InfiniteScrollActivityView.swift; sourceTree = "<group>"; };
		3EAF67811E5A8CBF00A29760 /* User.swift */ = {isa = PBXFileReference; fileEncoding = 4; lastKnownFileType = sourcecode.swift; path = User.swift; sourceTree = "<group>"; };
		3EAF67831E5A8CD000A29760 /* Tweet.swift */ = {isa = PBXFileReference; fileEncoding = 4; lastKnownFileType = sourcecode.swift; path = Tweet.swift; sourceTree = "<group>"; };
		3EAF67851E5A921000A29760 /* TwitterClient.swift */ = {isa = PBXFileReference; fileEncoding = 4; lastKnownFileType = sourcecode.swift; path = TwitterClient.swift; sourceTree = "<group>"; };
		3EAF67871E5A9B5D00A29760 /* TweetsViewController.swift */ = {isa = PBXFileReference; fileEncoding = 4; lastKnownFileType = sourcecode.swift; path = TweetsViewController.swift; sourceTree = "<group>"; };
		3EC712CA1E5A245900CE88D5 /* TwitterDemo.app */ = {isa = PBXFileReference; explicitFileType = wrapper.application; includeInIndex = 0; path = TwitterDemo.app; sourceTree = BUILT_PRODUCTS_DIR; };
		3EC712CD1E5A245900CE88D5 /* AppDelegate.swift */ = {isa = PBXFileReference; lastKnownFileType = sourcecode.swift; path = AppDelegate.swift; sourceTree = "<group>"; };
		3EC712D21E5A245900CE88D5 /* Base */ = {isa = PBXFileReference; lastKnownFileType = file.storyboard; name = Base; path = Base.lproj/Main.storyboard; sourceTree = "<group>"; };
		3EC712D41E5A245900CE88D5 /* Assets.xcassets */ = {isa = PBXFileReference; lastKnownFileType = folder.assetcatalog; path = Assets.xcassets; sourceTree = "<group>"; };
		3EC712D71E5A245900CE88D5 /* Base */ = {isa = PBXFileReference; lastKnownFileType = file.storyboard; name = Base; path = Base.lproj/LaunchScreen.storyboard; sourceTree = "<group>"; };
		3EC712D91E5A245900CE88D5 /* Info.plist */ = {isa = PBXFileReference; lastKnownFileType = text.plist.xml; path = Info.plist; sourceTree = "<group>"; };
		4356ED842A835CD605F3ABB3 /* Pods_TwitterDemo.framework */ = {isa = PBXFileReference; explicitFileType = wrapper.framework; includeInIndex = 0; path = Pods_TwitterDemo.framework; sourceTree = BUILT_PRODUCTS_DIR; };
		8F2160174ECF2A40874F7E5C /* Pods-TwitterDemo.debug.xcconfig */ = {isa = PBXFileReference; includeInIndex = 1; lastKnownFileType = text.xcconfig; name = "Pods-TwitterDemo.debug.xcconfig"; path = "Pods/Target Support Files/Pods-TwitterDemo/Pods-TwitterDemo.debug.xcconfig"; sourceTree = "<group>"; };
		A14AD90CBEC3E8472F9AE03F /* Pods-TwitterDemo.release.xcconfig */ = {isa = PBXFileReference; includeInIndex = 1; lastKnownFileType = text.xcconfig; name = "Pods-TwitterDemo.release.xcconfig"; path = "Pods/Target Support Files/Pods-TwitterDemo/Pods-TwitterDemo.release.xcconfig"; sourceTree = "<group>"; };
/* End PBXFileReference section */

/* Begin PBXFrameworksBuildPhase section */
		3EC712C71E5A245900CE88D5 /* Frameworks */ = {
			isa = PBXFrameworksBuildPhase;
			buildActionMask = 2147483647;
			files = (
				74FF3E73728D86106FED0F49 /* Pods_TwitterDemo.framework in Frameworks */,
			);
			runOnlyForDeploymentPostprocessing = 0;
		};
/* End PBXFrameworksBuildPhase section */

/* Begin PBXGroup section */
		3E3C61CDB5E5356C56CC4C41 /* Pods */ = {
			isa = PBXGroup;
			children = (
				8F2160174ECF2A40874F7E5C /* Pods-TwitterDemo.debug.xcconfig */,
				A14AD90CBEC3E8472F9AE03F /* Pods-TwitterDemo.release.xcconfig */,
			);
			name = Pods;
			sourceTree = "<group>";
		};
		3E859C181E5F4C2C008D6436 /* Views */ = {
			isa = PBXGroup;
			children = (
				3E859C191E5F4C4D008D6436 /* TweetCell.swift */,
				3EAC05E51E5FA0F500132FA7 /* InfiniteScrollActivityView.swift */,
			);
			name = Views;
			sourceTree = "<group>";
		};
		3EAF677E1E5A8C7600A29760 /* Models */ = {
			isa = PBXGroup;
			children = (
				3EAF67811E5A8CBF00A29760 /* User.swift */,
				3EAF67831E5A8CD000A29760 /* Tweet.swift */,
			);
			name = Models;
			sourceTree = "<group>";
		};
		3EAF677F1E5A8C7C00A29760 /* View Controllers */ = {
			isa = PBXGroup;
			children = (
				3E45E1871E5A269800326B16 /* LoginViewController.swift */,
				3EAF67871E5A9B5D00A29760 /* TweetsViewController.swift */,
			);
			name = "View Controllers";
			sourceTree = "<group>";
		};
		3EAF67801E5A8C9300A29760 /* API */ = {
			isa = PBXGroup;
			children = (
				3EAF67851E5A921000A29760 /* TwitterClient.swift */,
			);
			name = API;
			sourceTree = "<group>";
		};
		3EC712C11E5A245900CE88D5 = {
			isa = PBXGroup;
			children = (
				3EC712CC1E5A245900CE88D5 /* TwitterDemo */,
				3EC712CB1E5A245900CE88D5 /* Products */,
				3E3C61CDB5E5356C56CC4C41 /* Pods */,
				9E4940F79AF8036883E5BCE0 /* Frameworks */,
			);
			sourceTree = "<group>";
		};
		3EC712CB1E5A245900CE88D5 /* Products */ = {
			isa = PBXGroup;
			children = (
				3EC712CA1E5A245900CE88D5 /* TwitterDemo.app */,
			);
			name = Products;
			sourceTree = "<group>";
		};
		3EC712CC1E5A245900CE88D5 /* TwitterDemo */ = {
			isa = PBXGroup;
			children = (
				3E859C181E5F4C2C008D6436 /* Views */,
				3EAF67801E5A8C9300A29760 /* API */,
				3EAF677F1E5A8C7C00A29760 /* View Controllers */,
				3EAF677E1E5A8C7600A29760 /* Models */,
				3EC712CD1E5A245900CE88D5 /* AppDelegate.swift */,
				3EC712D11E5A245900CE88D5 /* Main.storyboard */,
				3EC712D41E5A245900CE88D5 /* Assets.xcassets */,
				3EC712D61E5A245900CE88D5 /* LaunchScreen.storyboard */,
				3EC712D91E5A245900CE88D5 /* Info.plist */,
			);
			path = TwitterDemo;
			sourceTree = "<group>";
		};
		9E4940F79AF8036883E5BCE0 /* Frameworks */ = {
			isa = PBXGroup;
			children = (
				4356ED842A835CD605F3ABB3 /* Pods_TwitterDemo.framework */,
			);
			name = Frameworks;
			sourceTree = "<group>";
		};
/* End PBXGroup section */

/* Begin PBXNativeTarget section */
		3EC712C91E5A245900CE88D5 /* TwitterDemo */ = {
			isa = PBXNativeTarget;
			buildConfigurationList = 3EC712DC1E5A245900CE88D5 /* Build configuration list for PBXNativeTarget "TwitterDemo" */;
			buildPhases = (
				732EEC1C756442F584679A79 /* [CP] Check Pods Manifest.lock */,
				3EC712C61E5A245900CE88D5 /* Sources */,
				3EC712C71E5A245900CE88D5 /* Frameworks */,
				3EC712C81E5A245900CE88D5 /* Resources */,
				1699918BE31E69C60F95CCE5 /* [CP] Embed Pods Frameworks */,
				331690B334AB541E9224AF62 /* [CP] Copy Pods Resources */,
			);
			buildRules = (
			);
			dependencies = (
			);
			name = TwitterDemo;
			productName = TwitterDemo;
			productReference = 3EC712CA1E5A245900CE88D5 /* TwitterDemo.app */;
			productType = "com.apple.product-type.application";
		};
/* End PBXNativeTarget section */

/* Begin PBXProject section */
		3EC712C21E5A245900CE88D5 /* Project object */ = {
			isa = PBXProject;
			attributes = {
				LastSwiftUpdateCheck = 0820;
				LastUpgradeCheck = 0820;
				ORGANIZATIONNAME = "Calvin Chu";
				TargetAttributes = {
					3EC712C91E5A245900CE88D5 = {
						CreatedOnToolsVersion = 8.2.1;
						ProvisioningStyle = Automatic;
					};
				};
			};
			buildConfigurationList = 3EC712C51E5A245900CE88D5 /* Build configuration list for PBXProject "TwitterDemo" */;
			compatibilityVersion = "Xcode 3.2";
			developmentRegion = English;
			hasScannedForEncodings = 0;
			knownRegions = (
				en,
				Base,
			);
			mainGroup = 3EC712C11E5A245900CE88D5;
			productRefGroup = 3EC712CB1E5A245900CE88D5 /* Products */;
			projectDirPath = "";
			projectRoot = "";
			targets = (
				3EC712C91E5A245900CE88D5 /* TwitterDemo */,
			);
		};
/* End PBXProject section */

/* Begin PBXResourcesBuildPhase section */
		3EC712C81E5A245900CE88D5 /* Resources */ = {
			isa = PBXResourcesBuildPhase;
			buildActionMask = 2147483647;
			files = (
				3EC712D81E5A245900CE88D5 /* LaunchScreen.storyboard in Resources */,
				3EC712D51E5A245900CE88D5 /* Assets.xcassets in Resources */,
				3EC712D31E5A245900CE88D5 /* Main.storyboard in Resources */,
			);
			runOnlyForDeploymentPostprocessing = 0;
		};
/* End PBXResourcesBuildPhase section */

/* Begin PBXShellScriptBuildPhase section */
		1699918BE31E69C60F95CCE5 /* [CP] Embed Pods Frameworks */ = {
			isa = PBXShellScriptBuildPhase;
			buildActionMask = 2147483647;
			files = (
			);
			inputPaths = (
			);
			name = "[CP] Embed Pods Frameworks";
			outputPaths = (
			);
			runOnlyForDeploymentPostprocessing = 0;
			shellPath = /bin/sh;
			shellScript = "\"${SRCROOT}/Pods/Target Support Files/Pods-TwitterDemo/Pods-TwitterDemo-frameworks.sh\"\n";
			showEnvVarsInLog = 0;
		};
		331690B334AB541E9224AF62 /* [CP] Copy Pods Resources */ = {
			isa = PBXShellScriptBuildPhase;
			buildActionMask = 2147483647;
			files = (
			);
			inputPaths = (
			);
			name = "[CP] Copy Pods Resources";
			outputPaths = (
			);
			runOnlyForDeploymentPostprocessing = 0;
			shellPath = /bin/sh;
			shellScript = "\"${SRCROOT}/Pods/Target Support Files/Pods-TwitterDemo/Pods-TwitterDemo-resources.sh\"\n";
			showEnvVarsInLog = 0;
		};
		732EEC1C756442F584679A79 /* [CP] Check Pods Manifest.lock */ = {
			isa = PBXShellScriptBuildPhase;
			buildActionMask = 2147483647;
			files = (
			);
			inputPaths = (
			);
			name = "[CP] Check Pods Manifest.lock";
			outputPaths = (
			);
			runOnlyForDeploymentPostprocessing = 0;
			shellPath = /bin/sh;
			shellScript = "diff \"${PODS_ROOT}/../Podfile.lock\" \"${PODS_ROOT}/Manifest.lock\" > /dev/null\nif [ $? != 0 ] ; then\n    # print error to STDERR\n    echo \"error: The sandbox is not in sync with the Podfile.lock. Run 'pod install' or update your CocoaPods installation.\" >&2\n    exit 1\nfi\n";
			showEnvVarsInLog = 0;
		};
/* End PBXShellScriptBuildPhase section */

/* Begin PBXSourcesBuildPhase section */
		3EC712C61E5A245900CE88D5 /* Sources */ = {
			isa = PBXSourcesBuildPhase;
			buildActionMask = 2147483647;
			files = (
				3EAC05E61E5FA0F500132FA7 /* InfiniteScrollActivityView.swift in Sources */,
				3EAF67861E5A921000A29760 /* TwitterClient.swift in Sources */,
				3E859C1A1E5F4C4D008D6436 /* TweetCell.swift in Sources */,
				3E45E1881E5A269800326B16 /* LoginViewController.swift in Sources */,
				3EAF67881E5A9B5D00A29760 /* TweetsViewController.swift in Sources */,
				3EC712CE1E5A245900CE88D5 /* AppDelegate.swift in Sources */,
				3EAF67821E5A8CBF00A29760 /* User.swift in Sources */,
				3EAF67841E5A8CD000A29760 /* Tweet.swift in Sources */,
			);
			runOnlyForDeploymentPostprocessing = 0;
		};
/* End PBXSourcesBuildPhase section */

/* Begin PBXVariantGroup section */
		3EC712D11E5A245900CE88D5 /* Main.storyboard */ = {
			isa = PBXVariantGroup;
			children = (
				3EC712D21E5A245900CE88D5 /* Base */,
			);
			name = Main.storyboard;
			sourceTree = "<group>";
		};
		3EC712D61E5A245900CE88D5 /* LaunchScreen.storyboard */ = {
			isa = PBXVariantGroup;
			children = (
				3EC712D71E5A245900CE88D5 /* Base */,
			);
			name = LaunchScreen.storyboard;
			sourceTree = "<group>";
		};
/* End PBXVariantGroup section */

/* Begin XCBuildConfiguration section */
		3EC712DA1E5A245900CE88D5 /* Debug */ = {
			isa = XCBuildConfiguration;
			buildSettings = {
				ALWAYS_SEARCH_USER_PATHS = NO;
				CLANG_ANALYZER_NONNULL = YES;
				CLANG_CXX_LANGUAGE_STANDARD = "gnu++0x";
				CLANG_CXX_LIBRARY = "libc++";
				CLANG_ENABLE_MODULES = YES;
				CLANG_ENABLE_OBJC_ARC = YES;
				CLANG_WARN_BOOL_CONVERSION = YES;
				CLANG_WARN_CONSTANT_CONVERSION = YES;
				CLANG_WARN_DIRECT_OBJC_ISA_USAGE = YES_ERROR;
				CLANG_WARN_DOCUMENTATION_COMMENTS = YES;
				CLANG_WARN_EMPTY_BODY = YES;
				CLANG_WARN_ENUM_CONVERSION = YES;
				CLANG_WARN_INFINITE_RECURSION = YES;
				CLANG_WARN_INT_CONVERSION = YES;
				CLANG_WARN_OBJC_ROOT_CLASS = YES_ERROR;
				CLANG_WARN_SUSPICIOUS_MOVE = YES;
				CLANG_WARN_UNREACHABLE_CODE = YES;
				CLANG_WARN__DUPLICATE_METHOD_MATCH = YES;
				"CODE_SIGN_IDENTITY[sdk=iphoneos*]" = "iPhone Developer";
				COPY_PHASE_STRIP = NO;
				DEBUG_INFORMATION_FORMAT = dwarf;
				ENABLE_STRICT_OBJC_MSGSEND = YES;
				ENABLE_TESTABILITY = YES;
				GCC_C_LANGUAGE_STANDARD = gnu99;
				GCC_DYNAMIC_NO_PIC = NO;
				GCC_NO_COMMON_BLOCKS = YES;
				GCC_OPTIMIZATION_LEVEL = 0;
				GCC_PREPROCESSOR_DEFINITIONS = (
					"DEBUG=1",
					"$(inherited)",
				);
				GCC_WARN_64_TO_32_BIT_CONVERSION = YES;
				GCC_WARN_ABOUT_RETURN_TYPE = YES_ERROR;
				GCC_WARN_UNDECLARED_SELECTOR = YES;
				GCC_WARN_UNINITIALIZED_AUTOS = YES_AGGRESSIVE;
				GCC_WARN_UNUSED_FUNCTION = YES;
				GCC_WARN_UNUSED_VARIABLE = YES;
				IPHONEOS_DEPLOYMENT_TARGET = 10.2;
				MTL_ENABLE_DEBUG_INFO = YES;
				ONLY_ACTIVE_ARCH = YES;
				SDKROOT = iphoneos;
				SWIFT_ACTIVE_COMPILATION_CONDITIONS = DEBUG;
				SWIFT_OPTIMIZATION_LEVEL = "-Onone";
				TARGETED_DEVICE_FAMILY = "1,2";
			};
			name = Debug;
		};
		3EC712DB1E5A245900CE88D5 /* Release */ = {
			isa = XCBuildConfiguration;
			buildSettings = {
				ALWAYS_SEARCH_USER_PATHS = NO;
				CLANG_ANALYZER_NONNULL = YES;
				CLANG_CXX_LANGUAGE_STANDARD = "gnu++0x";
				CLANG_CXX_LIBRARY = "libc++";
				CLANG_ENABLE_MODULES = YES;
				CLANG_ENABLE_OBJC_ARC = YES;
				CLANG_WARN_BOOL_CONVERSION = YES;
				CLANG_WARN_CONSTANT_CONVERSION = YES;
				CLANG_WARN_DIRECT_OBJC_ISA_USAGE = YES_ERROR;
				CLANG_WARN_DOCUMENTATION_COMMENTS = YES;
				CLANG_WARN_EMPTY_BODY = YES;
				CLANG_WARN_ENUM_CONVERSION = YES;
				CLANG_WARN_INFINITE_RECURSION = YES;
				CLANG_WARN_INT_CONVERSION = YES;
				CLANG_WARN_OBJC_ROOT_CLASS = YES_ERROR;
				CLANG_WARN_SUSPICIOUS_MOVE = YES;
				CLANG_WARN_UNREACHABLE_CODE = YES;
				CLANG_WARN__DUPLICATE_METHOD_MATCH = YES;
				"CODE_SIGN_IDENTITY[sdk=iphoneos*]" = "iPhone Developer";
				COPY_PHASE_STRIP = NO;
				DEBUG_INFORMATION_FORMAT = "dwarf-with-dsym";
				ENABLE_NS_ASSERTIONS = NO;
				ENABLE_STRICT_OBJC_MSGSEND = YES;
				GCC_C_LANGUAGE_STANDARD = gnu99;
				GCC_NO_COMMON_BLOCKS = YES;
				GCC_WARN_64_TO_32_BIT_CONVERSION = YES;
				GCC_WARN_ABOUT_RETURN_TYPE = YES_ERROR;
				GCC_WARN_UNDECLARED_SELECTOR = YES;
				GCC_WARN_UNINITIALIZED_AUTOS = YES_AGGRESSIVE;
				GCC_WARN_UNUSED_FUNCTION = YES;
				GCC_WARN_UNUSED_VARIABLE = YES;
				IPHONEOS_DEPLOYMENT_TARGET = 10.2;
				MTL_ENABLE_DEBUG_INFO = NO;
				SDKROOT = iphoneos;
				SWIFT_OPTIMIZATION_LEVEL = "-Owholemodule";
				TARGETED_DEVICE_FAMILY = "1,2";
				VALIDATE_PRODUCT = YES;
			};
			name = Release;
		};
		3EC712DD1E5A245900CE88D5 /* Debug */ = {
			isa = XCBuildConfiguration;
			baseConfigurationReference = 8F2160174ECF2A40874F7E5C /* Pods-TwitterDemo.debug.xcconfig */;
			buildSettings = {
				ASSETCATALOG_COMPILER_APPICON_NAME = AppIcon;
				INFOPLIST_FILE = TwitterDemo/Info.plist;
				LD_RUNPATH_SEARCH_PATHS = "$(inherited) @executable_path/Frameworks";
				PRODUCT_BUNDLE_IDENTIFIER = codePath.com.TwitterDemo;
				PRODUCT_NAME = "$(TARGET_NAME)";
				SWIFT_VERSION = 3.0;
			};
			name = Debug;
		};
		3EC712DE1E5A245900CE88D5 /* Release */ = {
			isa = XCBuildConfiguration;
			baseConfigurationReference = A14AD90CBEC3E8472F9AE03F /* Pods-TwitterDemo.release.xcconfig */;
			buildSettings = {
				ASSETCATALOG_COMPILER_APPICON_NAME = AppIcon;
				INFOPLIST_FILE = TwitterDemo/Info.plist;
				LD_RUNPATH_SEARCH_PATHS = "$(inherited) @executable_path/Frameworks";
				PRODUCT_BUNDLE_IDENTIFIER = codePath.com.TwitterDemo;
				PRODUCT_NAME = "$(TARGET_NAME)";
				SWIFT_VERSION = 3.0;
			};
			name = Release;
		};
/* End XCBuildConfiguration section */

/* Begin XCConfigurationList section */
		3EC712C51E5A245900CE88D5 /* Build configuration list for PBXProject "TwitterDemo" */ = {
			isa = XCConfigurationList;
			buildConfigurations = (
				3EC712DA1E5A245900CE88D5 /* Debug */,
				3EC712DB1E5A245900CE88D5 /* Release */,
			);
			defaultConfigurationIsVisible = 0;
			defaultConfigurationName = Release;
		};
		3EC712DC1E5A245900CE88D5 /* Build configuration list for PBXNativeTarget "TwitterDemo" */ = {
			isa = XCConfigurationList;
			buildConfigurations = (
				3EC712DD1E5A245900CE88D5 /* Debug */,
				3EC712DE1E5A245900CE88D5 /* Release */,
			);
			defaultConfigurationIsVisible = 0;
			defaultConfigurationName = Release;
		};
/* End XCConfigurationList section */
	};
	rootObject = 3EC712C21E5A245900CE88D5 /* Project object */;
}
